
Microsoft Visual Studio Solution File, Format Version 12.00
Project("{FAE04EC0-301F-11D3-BF4B-00C04F79EFBC}") = "CSharpClasses", "CSharpClasses\CSharpClasses.csproj", "{3604D7A4-0C03-4429-A4F3-3F0766ABF4B2}"
EndProject
Global
	GlobalSection(SolutionConfigurationPlatforms) = preSolution
		Debug|Any CPU = Debug|Any CPU
		Release|Any CPU = Release|Any CPU
	EndGlobalSection
	GlobalSection(ProjectConfigurationPlatforms) = postSolution
		{3604D7A4-0C03-4429-A4F3-3F0766ABF4B2}.Debug|Any CPU.ActiveCfg = Debug|Any CPU
		{3604D7A4-0C03-4429-A4F3-3F0766ABF4B2}.Debug|Any CPU.Build.0 = Debug|Any CPU
		{3604D7A4-0C03-4429-A4F3-3F0766ABF4B2}.Release|Any CPU.ActiveCfg = Release|Any CPU
		{3604D7A4-0C03-4429-A4F3-3F0766ABF4B2}.Release|Any CPU.Build.0 = Release|Any CPU
	EndGlobalSection
EndGlobal
